# This file was autogenerated by Stack.
# You should not edit this file by hand.
# For more information, please see the documentation at:
#   https://docs.haskellstack.org/en/stable/lock_files

packages:
- completed:
    name: mira
    version: 2.0.0
    git: https://github.com/asr/mira.git
    pantry-tree:
      size: 2100
      sha256: b8f49a8138060d2639518d68bbbf97813b6f4a4abb29c8b144526381ac0b4f7c
    commit: b8a439a67eab747baf9f1122274b5257702fa8f7
  original:
    git: https://github.com/asr/mira.git
    commit: b8a439a67eab747baf9f1122274b5257702fa8f7
snapshots:
- completed:
    size: 586923
    url: https://raw.githubusercontent.com/commercialhaskell/stackage-snapshots/master/lts/18/9.yaml
    sha256: 9f9fe35c949414146840a985fb228fd397c504d1781b834bfc9ab935f4d27df6
  original: lts-18.9
